{
  "name": "@stencil/starter",
  "version": "0.0.1",
  "lockfileVersion": 1,
  "requires": true,
  "dependencies": {
    "@stencil/router": {
      "version": "0.2.6",
      "resolved": "https://registry.npmjs.org/@stencil/router/-/router-0.2.6.tgz",
      "integrity": "sha512-DULuJa+FeGIllesB1rubJ7gzF3MUMnPZL6Can2gS+Ozd9QLaVhir6lMsfo2HiwS/LWhTbifiSYMcB2h4gAGAwA==",
      "requires": {
        "@stencil/state-tunnel": "0.0.8"
      },
      "dependencies": {
        "@stencil/state-tunnel": {
          "version": "0.0.8",
          "resolved": "https://registry.npmjs.org/@stencil/state-tunnel/-/state-tunnel-0.0.8.tgz",
          "integrity": "sha512-fpFU91hgEirWyzMD7hsTWkIK8li4VQgx5G+dZr2Iv/AU2ofF6AiAxqP2N5SGyszleJCn9UcgWKS31/+efaBxFw=="
        }
      }
    },
    "@stencil/state-tunnel": {
      "version": "0.0.8",
      "resolved": "https://registry.npmjs.org/@stencil/state-tunnel/-/state-tunnel-0.0.8.tgz",
      "integrity": "sha512-fpFU91hgEirWyzMD7hsTWkIK8li4VQgx5G+dZr2Iv/AU2ofF6AiAxqP2N5SGyszleJCn9UcgWKS31/+efaBxFw=="
    }
  }
}
