{
  "name": "@stencil/starter",
  "version": "0.0.1",
  "lockfileVersion": 1,
  "requires": true,
  "dependencies": {
    "@stencil/router": {
      "version": "0.2.5",
      "resolved": "https://registry.npmjs.org/@stencil/router/-/router-0.2.5.tgz",
      "integrity": "sha512-bbnzk0csFgUJYPVLU/KwuPAHVTkqEAdu8acL39lXPrYAubAHrcGyyH8S48DTwgoAPcX09sO9BW7Km0/XussNXA==",
      "requires": {
        "@stencil/state-tunnel": "0.0.7"
      }
    },
    "@stencil/state-tunnel": {
      "version": "0.0.7",
      "resolved": "https://registry.npmjs.org/@stencil/state-tunnel/-/state-tunnel-0.0.7.tgz",
      "integrity": "sha512-r7BjnzbDjHgcOH8rszSz5p8ZOzI1BF5X2SeArbOb+wmLbjfwVntDDYRIA7HgLOeQvk3Ih5Lnndqf3cee28OKEQ=="
    }
  }
}
